// !$*UTF8*$!
{
	archiveVersion = 1;
	classes = {
	};
	objectVersion = 50;
	objects = {

/* Begin PBXBuildFile section */
		CAA015902797BE7B0047D81D /* AppDelegate.swift in Sources */ = {isa = PBXBuildFile; fileRef = CAA0158F2797BE7B0047D81D /* AppDelegate.swift */; };
		CAA015922797BE7B0047D81D /* SceneDelegate.swift in Sources */ = {isa = PBXBuildFile; fileRef = CAA015912797BE7B0047D81D /* SceneDelegate.swift */; };
		CAA015972797BE7B0047D81D /* Main.storyboard in Resources */ = {isa = PBXBuildFile; fileRef = CAA015952797BE7B0047D81D /* Main.storyboard */; };
		CAA015992797BE7E0047D81D /* Assets.xcassets in Resources */ = {isa = PBXBuildFile; fileRef = CAA015982797BE7E0047D81D /* Assets.xcassets */; };
		CAA0159C2797BE7E0047D81D /* LaunchScreen.storyboard in Resources */ = {isa = PBXBuildFile; fileRef = CAA0159A2797BE7E0047D81D /* LaunchScreen.storyboard */; };
		CAA015A82797BEE20047D81D /* APIService.swift in Sources */ = {isa = PBXBuildFile; fileRef = CAA015A72797BEE20047D81D /* APIService.swift */; };
		CAA015AA2797BEF50047D81D /* EndpointProtocol.swift in Sources */ = {isa = PBXBuildFile; fileRef = CAA015A92797BEF50047D81D /* EndpointProtocol.swift */; };
		CAA015AC2797BF010047D81D /* HolidayEndpoint.swift in Sources */ = {isa = PBXBuildFile; fileRef = CAA015AB2797BF010047D81D /* HolidayEndpoint.swift */; };
		CAA015AE2797C0510047D81D /* HolidayModel.swift in Sources */ = {isa = PBXBuildFile; fileRef = CAA015AD2797C0510047D81D /* HolidayModel.swift */; };
		CAA015B12797E21D0047D81D /* HolidayTableViewCell.swift in Sources */ = {isa = PBXBuildFile; fileRef = CAA015AF2797E21D0047D81D /* HolidayTableViewCell.swift */; };
		CAA015B22797E21D0047D81D /* HolidayTableViewCell.xib in Resources */ = {isa = PBXBuildFile; fileRef = CAA015B02797E21D0047D81D /* HolidayTableViewCell.xib */; };
		CAA015B52797E2B60047D81D /* HolidayListViewController.swift in Sources */ = {isa = PBXBuildFile; fileRef = CAA015B42797E2B60047D81D /* HolidayListViewController.swift */; };
		CAA015B72797E9EE0047D81D /* HolidayRequest.swift in Sources */ = {isa = PBXBuildFile; fileRef = CAA015B62797E9EE0047D81D /* HolidayRequest.swift */; };
		CAA015B927989D490047D81D /* HolidayViewModel.swift in Sources */ = {isa = PBXBuildFile; fileRef = CAA015B827989D490047D81D /* HolidayViewModel.swift */; };
/* End PBXBuildFile section */

/* Begin PBXFileReference section */
		CAA0158C2797BE7B0047D81D /* HolidayCalendar.app */ = {isa = PBXFileReference; explicitFileType = wrapper.application; includeInIndex = 0; path = HolidayCalendar.app; sourceTree = BUILT_PRODUCTS_DIR; };
		CAA0158F2797BE7B0047D81D /* AppDelegate.swift */ = {isa = PBXFileReference; lastKnownFileType = sourcecode.swift; path = AppDelegate.swift; sourceTree = "<group>"; };
		CAA015912797BE7B0047D81D /* SceneDelegate.swift */ = {isa = PBXFileReference; lastKnownFileType = sourcecode.swift; path = SceneDelegate.swift; sourceTree = "<group>"; };
		CAA015962797BE7B0047D81D /* Base */ = {isa = PBXFileReference; lastKnownFileType = file.storyboard; name = Base; path = Base.lproj/Main.storyboard; sourceTree = "<group>"; };
		CAA015982797BE7E0047D81D /* Assets.xcassets */ = {isa = PBXFileReference; lastKnownFileType = folder.assetcatalog; path = Assets.xcassets; sourceTree = "<group>"; };
		CAA0159B2797BE7E0047D81D /* Base */ = {isa = PBXFileReference; lastKnownFileType = file.storyboard; name = Base; path = Base.lproj/LaunchScreen.storyboard; sourceTree = "<group>"; };
		CAA0159D2797BE7E0047D81D /* Info.plist */ = {isa = PBXFileReference; lastKnownFileType = text.plist.xml; path = Info.plist; sourceTree = "<group>"; };
		CAA015A72797BEE20047D81D /* APIService.swift */ = {isa = PBXFileReference; lastKnownFileType = sourcecode.swift; path = APIService.swift; sourceTree = "<group>"; };
		CAA015A92797BEF50047D81D /* EndpointProtocol.swift */ = {isa = PBXFileReference; lastKnownFileType = sourcecode.swift; path = EndpointProtocol.swift; sourceTree = "<group>"; };
		CAA015AB2797BF010047D81D /* HolidayEndpoint.swift */ = {isa = PBXFileReference; lastKnownFileType = sourcecode.swift; path = HolidayEndpoint.swift; sourceTree = "<group>"; };
		CAA015AD2797C0510047D81D /* HolidayModel.swift */ = {isa = PBXFileReference; lastKnownFileType = sourcecode.swift; path = HolidayModel.swift; sourceTree = "<group>"; };
		CAA015AF2797E21D0047D81D /* HolidayTableViewCell.swift */ = {isa = PBXFileReference; lastKnownFileType = sourcecode.swift; path = HolidayTableViewCell.swift; sourceTree = "<group>"; };
		CAA015B02797E21D0047D81D /* HolidayTableViewCell.xib */ = {isa = PBXFileReference; lastKnownFileType = file.xib; path = HolidayTableViewCell.xib; sourceTree = "<group>"; };
		CAA015B42797E2B60047D81D /* HolidayListViewController.swift */ = {isa = PBXFileReference; lastKnownFileType = sourcecode.swift; path = HolidayListViewController.swift; sourceTree = "<group>"; };
		CAA015B62797E9EE0047D81D /* HolidayRequest.swift */ = {isa = PBXFileReference; lastKnownFileType = sourcecode.swift; path = HolidayRequest.swift; sourceTree = "<group>"; };
		CAA015B827989D490047D81D /* HolidayViewModel.swift */ = {isa = PBXFileReference; lastKnownFileType = sourcecode.swift; path = HolidayViewModel.swift; sourceTree = "<group>"; };
/* End PBXFileReference section */

/* Begin PBXFrameworksBuildPhase section */
		CAA015892797BE7B0047D81D /* Frameworks */ = {
			isa = PBXFrameworksBuildPhase;
			buildActionMask = 2147483647;
			files = (
			);
			runOnlyForDeploymentPostprocessing = 0;
		};
/* End PBXFrameworksBuildPhase section */

/* Begin PBXGroup section */
		CAA015832797BE7B0047D81D = {
			isa = PBXGroup;
			children = (
				CAA0158E2797BE7B0047D81D /* HolidayCalendar */,
			);
			sourceTree = "<group>";
		};
		CAA0158D2797BE7B0047D81D /* Products */ = {
			isa = PBXGroup;
			children = (
				CAA0158C2797BE7B0047D81D /* HolidayCalendar.app */,
			);
			name = Products;
			path = ..;
			sourceTree = "<group>";
		};
		CAA0158E2797BE7B0047D81D /* HolidayCalendar */ = {
			isa = PBXGroup;
			children = (
				CAA015B62797E9EE0047D81D /* HolidayRequest.swift */,
				CAA015A62797BE940047D81D /* Service */,
				CAA015A52797BE900047D81D /* Model */,
				CAA015A42797BE8A0047D81D /* ViewModel */,
				CAA015A32797BE840047D81D /* View */,
				CAA0158F2797BE7B0047D81D /* AppDelegate.swift */,
				CAA015912797BE7B0047D81D /* SceneDelegate.swift */,
				CAA015952797BE7B0047D81D /* Main.storyboard */,
				CAA015982797BE7E0047D81D /* Assets.xcassets */,
				CAA0159A2797BE7E0047D81D /* LaunchScreen.storyboard */,
				CAA0159D2797BE7E0047D81D /* Info.plist */,
				CAA0158D2797BE7B0047D81D /* Products */,
			);
			path = HolidayCalendar;
			sourceTree = "<group>";
		};
		CAA015A32797BE840047D81D /* View */ = {
			isa = PBXGroup;
			children = (
				CAA015AF2797E21D0047D81D /* HolidayTableViewCell.swift */,
				CAA015B02797E21D0047D81D /* HolidayTableViewCell.xib */,
				CAA015B32797E2740047D81D /* Controller */,
			);
			path = View;
			sourceTree = "<group>";
		};
		CAA015A42797BE8A0047D81D /* ViewModel */ = {
			isa = PBXGroup;
			children = (
				CAA015B827989D490047D81D /* HolidayViewModel.swift */,
			);
			path = ViewModel;
			sourceTree = "<group>";
		};
		CAA015A52797BE900047D81D /* Model */ = {
			isa = PBXGroup;
			children = (
				CAA015AD2797C0510047D81D /* HolidayModel.swift */,
			);
			path = Model;
			sourceTree = "<group>";
		};
		CAA015A62797BE940047D81D /* Service */ = {
			isa = PBXGroup;
			children = (
				CAA015A72797BEE20047D81D /* APIService.swift */,
				CAA015A92797BEF50047D81D /* EndpointProtocol.swift */,
				CAA015AB2797BF010047D81D /* HolidayEndpoint.swift */,
			);
			path = Service;
			sourceTree = "<group>";
		};
		CAA015B32797E2740047D81D /* Controller */ = {
			isa = PBXGroup;
			children = (
				CAA015B42797E2B60047D81D /* HolidayListViewController.swift */,
			);
			path = Controller;
			sourceTree = "<group>";
		};
/* End PBXGroup section */

/* Begin PBXNativeTarget section */
		CAA0158B2797BE7B0047D81D /* HolidayCalendar */ = {
			isa = PBXNativeTarget;
			buildConfigurationList = CAA015A02797BE7E0047D81D /* Build configuration list for PBXNativeTarget "HolidayCalendar" */;
			buildPhases = (
				CAA015882797BE7B0047D81D /* Sources */,
				CAA015892797BE7B0047D81D /* Frameworks */,
				CAA0158A2797BE7B0047D81D /* Resources */,
			);
			buildRules = (
			);
			dependencies = (
			);
			name = HolidayCalendar;
			productName = HolidayCalendar;
			productReference = CAA0158C2797BE7B0047D81D /* HolidayCalendar.app */;
			productType = "com.apple.product-type.application";
		};
/* End PBXNativeTarget section */

/* Begin PBXProject section */
		CAA015842797BE7B0047D81D /* Project object */ = {
			isa = PBXProject;
			attributes = {
				LastSwiftUpdateCheck = 1250;
				LastUpgradeCheck = 1250;
				TargetAttributes = {
					CAA0158B2797BE7B0047D81D = {
						CreatedOnToolsVersion = 12.5.1;
					};
				};
			};
			buildConfigurationList = CAA015872797BE7B0047D81D /* Build configuration list for PBXProject "HolidayCalendar" */;
			compatibilityVersion = "Xcode 9.3";
			developmentRegion = en;
			hasScannedForEncodings = 0;
			knownRegions = (
				en,
				Base,
			);
			mainGroup = CAA015832797BE7B0047D81D;
			productRefGroup = CAA0158D2797BE7B0047D81D /* Products */;
			projectDirPath = "";
			projectRoot = "";
			targets = (
				CAA0158B2797BE7B0047D81D /* HolidayCalendar */,
			);
		};
/* End PBXProject section */

/* Begin PBXResourcesBuildPhase section */
		CAA0158A2797BE7B0047D81D /* Resources */ = {
			isa = PBXResourcesBuildPhase;
			buildActionMask = 2147483647;
			files = (
				CAA0159C2797BE7E0047D81D /* LaunchScreen.storyboard in Resources */,
				CAA015992797BE7E0047D81D /* Assets.xcassets in Resources */,
				CAA015B22797E21D0047D81D /* HolidayTableViewCell.xib in Resources */,
				CAA015972797BE7B0047D81D /* Main.storyboard in Resources */,
			);
			runOnlyForDeploymentPostprocessing = 0;
		};
/* End PBXResourcesBuildPhase section */

/* Begin PBXSourcesBuildPhase section */
		CAA015882797BE7B0047D81D /* Sources */ = {
			isa = PBXSourcesBuildPhase;
			buildActionMask = 2147483647;
			files = (
				CAA015902797BE7B0047D81D /* AppDelegate.swift in Sources */,
				CAA015B12797E21D0047D81D /* HolidayTableViewCell.swift in Sources */,
				CAA015AA2797BEF50047D81D /* EndpointProtocol.swift in Sources */,
				CAA015AE2797C0510047D81D /* HolidayModel.swift in Sources */,
				CAA015AC2797BF010047D81D /* HolidayEndpoint.swift in Sources */,
				CAA015B927989D490047D81D /* HolidayViewModel.swift in Sources */,
				CAA015B72797E9EE0047D81D /* HolidayRequest.swift in Sources */,
				CAA015A82797BEE20047D81D /* APIService.swift in Sources */,
				CAA015B52797E2B60047D81D /* HolidayListViewController.swift in Sources */,
				CAA015922797BE7B0047D81D /* SceneDelegate.swift in Sources */,
			);
			runOnlyForDeploymentPostprocessing = 0;
		};
/* End PBXSourcesBuildPhase section */

/* Begin PBXVariantGroup section */
		CAA015952797BE7B0047D81D /* Main.storyboard */ = {
			isa = PBXVariantGroup;
			children = (
				CAA015962797BE7B0047D81D /* Base */,
			);
			name = Main.storyboard;
			sourceTree = "<group>";
		};
		CAA0159A2797BE7E0047D81D /* LaunchScreen.storyboard */ = {
			isa = PBXVariantGroup;
			children = (
				CAA0159B2797BE7E0047D81D /* Base */,
			);
			name = LaunchScreen.storyboard;
			sourceTree = "<group>";
		};
/* End PBXVariantGroup section */

/* Begin XCBuildConfiguration section */
		CAA0159E2797BE7E0047D81D /* Debug */ = {
			isa = XCBuildConfiguration;
			buildSettings = {
				ALWAYS_SEARCH_USER_PATHS = NO;
				CLANG_ANALYZER_NONNULL = YES;
				CLANG_ANALYZER_NUMBER_OBJECT_CONVERSION = YES_AGGRESSIVE;
				CLANG_CXX_LANGUAGE_STANDARD = "gnu++14";
				CLANG_CXX_LIBRARY = "libc++";
				CLANG_ENABLE_MODULES = YES;
				CLANG_ENABLE_OBJC_ARC = YES;
				CLANG_ENABLE_OBJC_WEAK = YES;
				CLANG_WARN_BLOCK_CAPTURE_AUTORELEASING = YES;
				CLANG_WARN_BOOL_CONVERSION = YES;
				CLANG_WARN_COMMA = YES;
				CLANG_WARN_CONSTANT_CONVERSION = YES;
				CLANG_WARN_DEPRECATED_OBJC_IMPLEMENTATIONS = YES;
				CLANG_WARN_DIRECT_OBJC_ISA_USAGE = YES_ERROR;
				CLANG_WARN_DOCUMENTATION_COMMENTS = YES;
				CLANG_WARN_EMPTY_BODY = YES;
				CLANG_WARN_ENUM_CONVERSION = YES;
				CLANG_WARN_INFINITE_RECURSION = YES;
				CLANG_WARN_INT_CONVERSION = YES;
				CLANG_WARN_NON_LITERAL_NULL_CONVERSION = YES;
				CLANG_WARN_OBJC_IMPLICIT_RETAIN_SELF = YES;
				CLANG_WARN_OBJC_LITERAL_CONVERSION = YES;
				CLANG_WARN_OBJC_ROOT_CLASS = YES_ERROR;
				CLANG_WARN_QUOTED_INCLUDE_IN_FRAMEWORK_HEADER = YES;
				CLANG_WARN_RANGE_LOOP_ANALYSIS = YES;
				CLANG_WARN_STRICT_PROTOTYPES = YES;
				CLANG_WARN_SUSPICIOUS_MOVE = YES;
				CLANG_WARN_UNGUARDED_AVAILABILITY = YES_AGGRESSIVE;
				CLANG_WARN_UNREACHABLE_CODE = YES;
				CLANG_WARN__DUPLICATE_METHOD_MATCH = YES;
				COPY_PHASE_STRIP = NO;
				DEBUG_INFORMATION_FORMAT = dwarf;
				ENABLE_STRICT_OBJC_MSGSEND = YES;
				ENABLE_TESTABILITY = YES;
				GCC_C_LANGUAGE_STANDARD = gnu11;
				GCC_DYNAMIC_NO_PIC = NO;
				GCC_NO_COMMON_BLOCKS = YES;
				GCC_OPTIMIZATION_LEVEL = 0;
				GCC_PREPROCESSOR_DEFINITIONS = (
					"DEBUG=1",
					"$(inherited)",
				);
				GCC_WARN_64_TO_32_BIT_CONVERSION = YES;
				GCC_WARN_ABOUT_RETURN_TYPE = YES_ERROR;
				GCC_WARN_UNDECLARED_SELECTOR = YES;
				GCC_WARN_UNINITIALIZED_AUTOS = YES_AGGRESSIVE;
				GCC_WARN_UNUSED_FUNCTION = YES;
				GCC_WARN_UNUSED_VARIABLE = YES;
				IPHONEOS_DEPLOYMENT_TARGET = 14.5;
				MTL_ENABLE_DEBUG_INFO = INCLUDE_SOURCE;
				MTL_FAST_MATH = YES;
				ONLY_ACTIVE_ARCH = YES;
				SDKROOT = iphoneos;
				SWIFT_ACTIVE_COMPILATION_CONDITIONS = DEBUG;
				SWIFT_OPTIMIZATION_LEVEL = "-Onone";
			};
			name = Debug;
		};
		CAA0159F2797BE7E0047D81D /* Release */ = {
			isa = XCBuildConfiguration;
			buildSettings = {
				ALWAYS_SEARCH_USER_PATHS = NO;
				CLANG_ANALYZER_NONNULL = YES;
				CLANG_ANALYZER_NUMBER_OBJECT_CONVERSION = YES_AGGRESSIVE;
				CLANG_CXX_LANGUAGE_STANDARD = "gnu++14";
				CLANG_CXX_LIBRARY = "libc++";
				CLANG_ENABLE_MODULES = YES;
				CLANG_ENABLE_OBJC_ARC = YES;
				CLANG_ENABLE_OBJC_WEAK = YES;
				CLANG_WARN_BLOCK_CAPTURE_AUTORELEASING = YES;
				CLANG_WARN_BOOL_CONVERSION = YES;
				CLANG_WARN_COMMA = YES;
				CLANG_WARN_CONSTANT_CONVERSION = YES;
				CLANG_WARN_DEPRECATED_OBJC_IMPLEMENTATIONS = YES;
				CLANG_WARN_DIRECT_OBJC_ISA_USAGE = YES_ERROR;
				CLANG_WARN_DOCUMENTATION_COMMENTS = YES;
				CLANG_WARN_EMPTY_BODY = YES;
				CLANG_WARN_ENUM_CONVERSION = YES;
				CLANG_WARN_INFINITE_RECURSION = YES;
				CLANG_WARN_INT_CONVERSION = YES;
				CLANG_WARN_NON_LITERAL_NULL_CONVERSION = YES;
				CLANG_WARN_OBJC_IMPLICIT_RETAIN_SELF = YES;
				CLANG_WARN_OBJC_LITERAL_CONVERSION = YES;
				CLANG_WARN_OBJC_ROOT_CLASS = YES_ERROR;
				CLANG_WARN_QUOTED_INCLUDE_IN_FRAMEWORK_HEADER = YES;
				CLANG_WARN_RANGE_LOOP_ANALYSIS = YES;
				CLANG_WARN_STRICT_PROTOTYPES = YES;
				CLANG_WARN_SUSPICIOUS_MOVE = YES;
				CLANG_WARN_UNGUARDED_AVAILABILITY = YES_AGGRESSIVE;
				CLANG_WARN_UNREACHABLE_CODE = YES;
				CLANG_WARN__DUPLICATE_METHOD_MATCH = YES;
				COPY_PHASE_STRIP = NO;
				DEBUG_INFORMATION_FORMAT = "dwarf-with-dsym";
				ENABLE_NS_ASSERTIONS = NO;
				ENABLE_STRICT_OBJC_MSGSEND = YES;
				GCC_C_LANGUAGE_STANDARD = gnu11;
				GCC_NO_COMMON_BLOCKS = YES;
				GCC_WARN_64_TO_32_BIT_CONVERSION = YES;
				GCC_WARN_ABOUT_RETURN_TYPE = YES_ERROR;
				GCC_WARN_UNDECLARED_SELECTOR = YES;
				GCC_WARN_UNINITIALIZED_AUTOS = YES_AGGRESSIVE;
				GCC_WARN_UNUSED_FUNCTION = YES;
				GCC_WARN_UNUSED_VARIABLE = YES;
				IPHONEOS_DEPLOYMENT_TARGET = 14.5;
				MTL_ENABLE_DEBUG_INFO = NO;
				MTL_FAST_MATH = YES;
				SDKROOT = iphoneos;
				SWIFT_COMPILATION_MODE = wholemodule;
				SWIFT_OPTIMIZATION_LEVEL = "-O";
				VALIDATE_PRODUCT = YES;
			};
			name = Release;
		};
		CAA015A12797BE7E0047D81D /* Debug */ = {
			isa = XCBuildConfiguration;
			buildSettings = {
				ASSETCATALOG_COMPILER_APPICON_NAME = AppIcon;
				ASSETCATALOG_COMPILER_GLOBAL_ACCENT_COLOR_NAME = AccentColor;
				CODE_SIGN_STYLE = Automatic;
				DEVELOPMENT_TEAM = 8V89Q595A6;
				INFOPLIST_FILE = HolidayCalendar/Info.plist;
				LD_RUNPATH_SEARCH_PATHS = (
					"$(inherited)",
					"@executable_path/Frameworks",
				);
				PRODUCT_BUNDLE_IDENTIFIER = com.mainguyen.HolidayCalendar;
				PRODUCT_NAME = "$(TARGET_NAME)";
				SWIFT_VERSION = 5.0;
				TARGETED_DEVICE_FAMILY = "1,2";
			};
			name = Debug;
		};
		CAA015A22797BE7E0047D81D /* Release */ = {
			isa = XCBuildConfiguration;
			buildSettings = {
				ASSETCATALOG_COMPILER_APPICON_NAME = AppIcon;
				ASSETCATALOG_COMPILER_GLOBAL_ACCENT_COLOR_NAME = AccentColor;
				CODE_SIGN_STYLE = Automatic;
				DEVELOPMENT_TEAM = 8V89Q595A6;
				INFOPLIST_FILE = HolidayCalendar/Info.plist;
				LD_RUNPATH_SEARCH_PATHS = (
					"$(inherited)",
					"@executable_path/Frameworks",
				);
				PRODUCT_BUNDLE_IDENTIFIER = com.mainguyen.HolidayCalendar;
				PRODUCT_NAME = "$(TARGET_NAME)";
				SWIFT_VERSION = 5.0;
				TARGETED_DEVICE_FAMILY = "1,2";
			};
			name = Release;
		};
/* End XCBuildConfiguration section */

/* Begin XCConfigurationList section */
		CAA015872797BE7B0047D81D /* Build configuration list for PBXProject "HolidayCalendar" */ = {
			isa = XCConfigurationList;
			buildConfigurations = (
				CAA0159E2797BE7E0047D81D /* Debug */,
				CAA0159F2797BE7E0047D81D /* Release */,
			);
			defaultConfigurationIsVisible = 0;
			defaultConfigurationName = Release;
		};
		CAA015A02797BE7E0047D81D /* Build configuration list for PBXNativeTarget "HolidayCalendar" */ = {
			isa = XCConfigurationList;
			buildConfigurations = (
				CAA015A12797BE7E0047D81D /* Debug */,
				CAA015A22797BE7E0047D81D /* Release */,
			);
			defaultConfigurationIsVisible = 0;
			defaultConfigurationName = Release;
		};
/* End XCConfigurationList section */
	};
	rootObject = CAA015842797BE7B0047D81D /* Project object */;
}
